
Microsoft Visual Studio Solution File, Format Version 12.00
# Visual Studio Version 17
VisualStudioVersion = 17.5.33627.172
MinimumVisualStudioVersion = 10.0.40219.1
Project("{9A19103F-16F7-4668-BE54-9A1E7A4F7556}") = "Editor", "Editor\Editor.csproj", "{033B3D6E-80D7-4E9E-8434-1FAC4F79DED1}"
EndProject
Project("{2150E333-8FDC-42A3-9474-1A3956D46DE8}") = "Solution Items", "Solution Items", "{3F3F1568-E989-43F4-BEDD-12246A4D4CDC}"
	ProjectSection(SolutionItems) = preProject
		LICENSE.md = LICENSE.md
		README.md = README.md
	EndProjectSection
EndProject
Project("{2150E333-8FDC-42A3-9474-1A3956D46DE8}") = "Doc", "Doc", "{3089177A-1B87-4E67-8D0D-E5C8922E5543}"
	ProjectSection(SolutionItems) = preProject
		Doc\Zil.md = Doc\Zil.md
	EndProjectSection
EndProject
Project("{9A19103F-16F7-4668-BE54-9A1E7A4F7556}") = "Compiler", "Compiler\Compiler.csproj", "{FE91B666-494A-4BDB-AD07-C53D9FEE1C0F}"
EndProject
Project("{9A19103F-16F7-4668-BE54-9A1E7A4F7556}") = "ZurfurLib", "ZurfurLib\ZurfurLib.csproj", "{F171F2B2-3715-4A6D-91BC-C84C3F2405E5}"
EndProject
Project("{9A19103F-16F7-4668-BE54-9A1E7A4F7556}") = "ZurfurTests", "ZurfurTests\ZurfurTests.csproj", "{C7238973-0C9F-4955-AB1C-4E29618185DB}"
EndProject
Project("{2150E333-8FDC-42A3-9474-1A3956D46DE8}") = "AvaloniaEdit", "AvaloniaEdit", "{3E49F5B2-EB8F-481D-85C3-466C603BBC7B}"
EndProject
Project("{9A19103F-16F7-4668-BE54-9A1E7A4F7556}") = "AvaloniaEdit", "AvaloniaEdit\AvaloniaEdit\AvaloniaEdit.csproj", "{AEC124B3-7178-4CD1-A605-02FFA44FD11A}"
EndProject
Project("{9A19103F-16F7-4668-BE54-9A1E7A4F7556}") = "AvaloniaEdit.Browser", "AvaloniaEdit\AvaloniaEdit.Browser\AvaloniaEdit.Browser.csproj", "{C7D37D98-A232-4586-A624-F5FF88C9267E}"
EndProject
Project("{9A19103F-16F7-4668-BE54-9A1E7A4F7556}") = "AvaloniaEdit.Desktop", "AvaloniaEdit\AvaloniaEdit.Desktop\AvaloniaEdit.Desktop.csproj", "{36657EF9-0682-408C-B253-74A28CF18BE5}"
EndProject
Project("{9A19103F-16F7-4668-BE54-9A1E7A4F7556}") = "Gosub.Edit", "AvaloniaEdit\Gosub.Edit\Gosub.Edit.csproj", "{49B409D6-BFAA-42DA-AA2F-B2A00DB98DEF}"
EndProject
Project("{9A19103F-16F7-4668-BE54-9A1E7A4F7556}") = "Gosub.Lex", "AvaloniaEdit\Gosub.Lex\Gosub.Lex.csproj", "{03371C79-31A9-4B23-8945-CA311342B825}"
EndProject
Global
	GlobalSection(SolutionConfigurationPlatforms) = preSolution
		Debug|Any CPU = Debug|Any CPU
		Release|Any CPU = Release|Any CPU
	EndGlobalSection
	GlobalSection(ProjectConfigurationPlatforms) = postSolution
		{033B3D6E-80D7-4E9E-8434-1FAC4F79DED1}.Debug|Any CPU.ActiveCfg = Debug|Any CPU
		{033B3D6E-80D7-4E9E-8434-1FAC4F79DED1}.Debug|Any CPU.Build.0 = Debug|Any CPU
		{033B3D6E-80D7-4E9E-8434-1FAC4F79DED1}.Release|Any CPU.ActiveCfg = Release|Any CPU
		{033B3D6E-80D7-4E9E-8434-1FAC4F79DED1}.Release|Any CPU.Build.0 = Release|Any CPU
		{FE91B666-494A-4BDB-AD07-C53D9FEE1C0F}.Debug|Any CPU.ActiveCfg = Debug|Any CPU
		{FE91B666-494A-4BDB-AD07-C53D9FEE1C0F}.Debug|Any CPU.Build.0 = Debug|Any CPU
		{FE91B666-494A-4BDB-AD07-C53D9FEE1C0F}.Release|Any CPU.ActiveCfg = Release|Any CPU
		{FE91B666-494A-4BDB-AD07-C53D9FEE1C0F}.Release|Any CPU.Build.0 = Release|Any CPU
		{F171F2B2-3715-4A6D-91BC-C84C3F2405E5}.Debug|Any CPU.ActiveCfg = Debug|Any CPU
		{F171F2B2-3715-4A6D-91BC-C84C3F2405E5}.Debug|Any CPU.Build.0 = Debug|Any CPU
		{F171F2B2-3715-4A6D-91BC-C84C3F2405E5}.Release|Any CPU.ActiveCfg = Release|Any CPU
		{F171F2B2-3715-4A6D-91BC-C84C3F2405E5}.Release|Any CPU.Build.0 = Release|Any CPU
		{C7238973-0C9F-4955-AB1C-4E29618185DB}.Debug|Any CPU.ActiveCfg = Debug|Any CPU
		{C7238973-0C9F-4955-AB1C-4E29618185DB}.Debug|Any CPU.Build.0 = Debug|Any CPU
		{C7238973-0C9F-4955-AB1C-4E29618185DB}.Release|Any CPU.ActiveCfg = Release|Any CPU
		{C7238973-0C9F-4955-AB1C-4E29618185DB}.Release|Any CPU.Build.0 = Release|Any CPU
		{AEC124B3-7178-4CD1-A605-02FFA44FD11A}.Debug|Any CPU.ActiveCfg = Debug|Any CPU
		{AEC124B3-7178-4CD1-A605-02FFA44FD11A}.Debug|Any CPU.Build.0 = Debug|Any CPU
		{AEC124B3-7178-4CD1-A605-02FFA44FD11A}.Release|Any CPU.ActiveCfg = Release|Any CPU
		{AEC124B3-7178-4CD1-A605-02FFA44FD11A}.Release|Any CPU.Build.0 = Release|Any CPU
		{C7D37D98-A232-4586-A624-F5FF88C9267E}.Debug|Any CPU.ActiveCfg = Debug|Any CPU
		{C7D37D98-A232-4586-A624-F5FF88C9267E}.Debug|Any CPU.Build.0 = Debug|Any CPU
		{C7D37D98-A232-4586-A624-F5FF88C9267E}.Release|Any CPU.ActiveCfg = Release|Any CPU
		{C7D37D98-A232-4586-A624-F5FF88C9267E}.Release|Any CPU.Build.0 = Release|Any CPU
		{36657EF9-0682-408C-B253-74A28CF18BE5}.Debug|Any CPU.ActiveCfg = Debug|Any CPU
		{36657EF9-0682-408C-B253-74A28CF18BE5}.Debug|Any CPU.Build.0 = Debug|Any CPU
		{36657EF9-0682-408C-B253-74A28CF18BE5}.Release|Any CPU.ActiveCfg = Release|Any CPU
		{36657EF9-0682-408C-B253-74A28CF18BE5}.Release|Any CPU.Build.0 = Release|Any CPU
		{49B409D6-BFAA-42DA-AA2F-B2A00DB98DEF}.Debug|Any CPU.ActiveCfg = Debug|Any CPU
		{49B409D6-BFAA-42DA-AA2F-B2A00DB98DEF}.Debug|Any CPU.Build.0 = Debug|Any CPU
		{49B409D6-BFAA-42DA-AA2F-B2A00DB98DEF}.Release|Any CPU.ActiveCfg = Release|Any CPU
		{49B409D6-BFAA-42DA-AA2F-B2A00DB98DEF}.Release|Any CPU.Build.0 = Release|Any CPU
		{03371C79-31A9-4B23-8945-CA311342B825}.Debug|Any CPU.ActiveCfg = Debug|Any CPU
		{03371C79-31A9-4B23-8945-CA311342B825}.Debug|Any CPU.Build.0 = Debug|Any CPU
		{03371C79-31A9-4B23-8945-CA311342B825}.Release|Any CPU.ActiveCfg = Release|Any CPU
		{03371C79-31A9-4B23-8945-CA311342B825}.Release|Any CPU.Build.0 = Release|Any CPU
	EndGlobalSection
	GlobalSection(SolutionProperties) = preSolution
		HideSolutionNode = FALSE
	EndGlobalSection
	GlobalSection(NestedProjects) = preSolution
		{3089177A-1B87-4E67-8D0D-E5C8922E5543} = {3F3F1568-E989-43F4-BEDD-12246A4D4CDC}
		{AEC124B3-7178-4CD1-A605-02FFA44FD11A} = {3E49F5B2-EB8F-481D-85C3-466C603BBC7B}
		{C7D37D98-A232-4586-A624-F5FF88C9267E} = {3E49F5B2-EB8F-481D-85C3-466C603BBC7B}
		{36657EF9-0682-408C-B253-74A28CF18BE5} = {3E49F5B2-EB8F-481D-85C3-466C603BBC7B}
		{49B409D6-BFAA-42DA-AA2F-B2A00DB98DEF} = {3E49F5B2-EB8F-481D-85C3-466C603BBC7B}
		{03371C79-31A9-4B23-8945-CA311342B825} = {3E49F5B2-EB8F-481D-85C3-466C603BBC7B}
	EndGlobalSection
	GlobalSection(ExtensibilityGlobals) = postSolution
		SolutionGuid = {FE1CAD55-B0BB-4E39-99A2-6991D44AEE73}
	EndGlobalSection
EndGlobal
